
Microsoft Visual Studio Solution File, Format Version 12.00
# Visual Studio Version 16
VisualStudioVersion = 16.0.30114.105
MinimumVisualStudioVersion = 10.0.40219.1
Project("{FAE04EC0-301F-11D3-BF4B-00C04F79EFBC}") = "R5T.Megara.Examples", "R5T.Megara.Examples\R5T.Megara.Examples.csproj", "{BACDB7E1-30D4-4793-999E-A2C853259160}"
EndProject
Project("{FAE04EC0-301F-11D3-BF4B-00C04F79EFBC}") = "R5T.Megara.Examples.Lib", "R5T.Megara.Examples.Lib\R5T.Megara.Examples.Lib.csproj", "{042BD71D-AC53-490D-9F87-5C5C83C25B27}"
EndProject
Global
	GlobalSection(SolutionConfigurationPlatforms) = preSolution
		Debug|Any CPU = Debug|Any CPU
		Debug|x64 = Debug|x64
		Debug|x86 = Debug|x86
		Release|Any CPU = Release|Any CPU
		Release|x64 = Release|x64
		Release|x86 = Release|x86
	EndGlobalSection
	GlobalSection(SolutionProperties) = preSolution
		HideSolutionNode = FALSE
	EndGlobalSection
	GlobalSection(ProjectConfigurationPlatforms) = postSolution
		{BACDB7E1-30D4-4793-999E-A2C853259160}.Debug|Any CPU.ActiveCfg = Debug|Any CPU
		{BACDB7E1-30D4-4793-999E-A2C853259160}.Debug|Any CPU.Build.0 = Debug|Any CPU
		{BACDB7E1-30D4-4793-999E-A2C853259160}.Debug|x64.ActiveCfg = Debug|Any CPU
		{BACDB7E1-30D4-4793-999E-A2C853259160}.Debug|x64.Build.0 = Debug|Any CPU
		{BACDB7E1-30D4-4793-999E-A2C853259160}.Debug|x86.ActiveCfg = Debug|Any CPU
		{BACDB7E1-30D4-4793-999E-A2C853259160}.Debug|x86.Build.0 = Debug|Any CPU
		{BACDB7E1-30D4-4793-999E-A2C853259160}.Release|Any CPU.ActiveCfg = Release|Any CPU
		{BACDB7E1-30D4-4793-999E-A2C853259160}.Release|Any CPU.Build.0 = Release|Any CPU
		{BACDB7E1-30D4-4793-999E-A2C853259160}.Release|x64.ActiveCfg = Release|Any CPU
		{BACDB7E1-30D4-4793-999E-A2C853259160}.Release|x64.Build.0 = Release|Any CPU
		{BACDB7E1-30D4-4793-999E-A2C853259160}.Release|x86.ActiveCfg = Release|Any CPU
		{BACDB7E1-30D4-4793-999E-A2C853259160}.Release|x86.Build.0 = Release|Any CPU
		{042BD71D-AC53-490D-9F87-5C5C83C25B27}.Debug|Any CPU.ActiveCfg = Debug|Any CPU
		{042BD71D-AC53-490D-9F87-5C5C83C25B27}.Debug|Any CPU.Build.0 = Debug|Any CPU
		{042BD71D-AC53-490D-9F87-5C5C83C25B27}.Debug|x64.ActiveCfg = Debug|Any CPU
		{042BD71D-AC53-490D-9F87-5C5C83C25B27}.Debug|x64.Build.0 = Debug|Any CPU
		{042BD71D-AC53-490D-9F87-5C5C83C25B27}.Debug|x86.ActiveCfg = Debug|Any CPU
		{042BD71D-AC53-490D-9F87-5C5C83C25B27}.Debug|x86.Build.0 = Debug|Any CPU
		{042BD71D-AC53-490D-9F87-5C5C83C25B27}.Release|Any CPU.ActiveCfg = Release|Any CPU
		{042BD71D-AC53-490D-9F87-5C5C83C25B27}.Release|Any CPU.Build.0 = Release|Any CPU
		{042BD71D-AC53-490D-9F87-5C5C83C25B27}.Release|x64.ActiveCfg = Release|Any CPU
		{042BD71D-AC53-490D-9F87-5C5C83C25B27}.Release|x64.Build.0 = Release|Any CPU
		{042BD71D-AC53-490D-9F87-5C5C83C25B27}.Release|x86.ActiveCfg = Release|Any CPU
		{042BD71D-AC53-490D-9F87-5C5C83C25B27}.Release|x86.Build.0 = Release|Any CPU
	EndGlobalSection
EndGlobal
